// !$*UTF8*$!
{
	archiveVersion = 1;
	classes = {
	};
	objectVersion = 77;
	objects = {

/* Begin PBXCopyFilesBuildPhase section */
		18773FB82EDC5E2900552556 /* CopyFiles */ = {
			isa = PBXCopyFilesBuildPhase;
			buildActionMask = 12;
			dstPath = "";
			dstSubfolderSpec = 6;
			files = (
			);
			runOnlyForDeploymentPostprocessing = 0;
		};
		18773FC62EDC5E4200552556 /* CopyFiles */ = {
			isa = PBXCopyFilesBuildPhase;
			buildActionMask = 12;
			dstPath = "";
			dstSubfolderSpec = 6;
			files = (
			);
			runOnlyForDeploymentPostprocessing = 0;
		};
		18B3F6972EEAEFE5004DF6C9 /* CopyFiles */ = {
			isa = PBXCopyFilesBuildPhase;
			buildActionMask = 12;
			dstPath = "";
			dstSubfolderSpec = 6;
			files = (
			);
			runOnlyForDeploymentPostprocessing = 0;
		};
		18CA227C2EE16EEB001D218B /* CopyFiles */ = {
			isa = PBXCopyFilesBuildPhase;
			buildActionMask = 12;
			dstPath = "";
			dstSubfolderSpec = 6;
			files = (
			);
			runOnlyForDeploymentPostprocessing = 0;
		};
		18CA33102EE2B9E7001D218B /* CopyFiles */ = {
			isa = PBXCopyFilesBuildPhase;
			buildActionMask = 12;
			dstPath = "";
			dstSubfolderSpec = 6;
			files = (
			);
			runOnlyForDeploymentPostprocessing = 0;
		};
		18CA33762EE3F238001D218B /* CopyFiles */ = {
			isa = PBXCopyFilesBuildPhase;
			buildActionMask = 12;
			dstPath = "";
			dstSubfolderSpec = 6;
			files = (
			);
			runOnlyForDeploymentPostprocessing = 0;
		};
		18CA33862EE56D80001D218B /* CopyFiles */ = {
			isa = PBXCopyFilesBuildPhase;
			buildActionMask = 12;
			dstPath = "";
			dstSubfolderSpec = 6;
			files = (
			);
			runOnlyForDeploymentPostprocessing = 0;
		};
		18CA339D2EE6B74A001D218B /* CopyFiles */ = {
			isa = PBXCopyFilesBuildPhase;
			buildActionMask = 12;
			dstPath = "";
			dstSubfolderSpec = 6;
			files = (
			);
			runOnlyForDeploymentPostprocessing = 0;
		};
		18CA96B02EE942B4001D218B /* Copy Files */ = {
			isa = PBXCopyFilesBuildPhase;
			buildActionMask = 12;
			dstPath = "";
			dstSubfolderSpec = 6;
			files = (
			);
			name = "Copy Files";
			runOnlyForDeploymentPostprocessing = 0;
		};
		18EB19802EDEDDDE006CFC10 /* CopyFiles */ = {
			isa = PBXCopyFilesBuildPhase;
			buildActionMask = 2147483647;
			dstPath = /usr/share/man/man1/;
			dstSubfolderSpec = 0;
			files = (
			);
			runOnlyForDeploymentPostprocessing = 1;
		};
		18EB49362EE00F91006CFC10 /* CopyFiles */ = {
			isa = PBXCopyFilesBuildPhase;
			buildActionMask = 12;
			dstPath = "";
			dstSubfolderSpec = 6;
			files = (
			);
			runOnlyForDeploymentPostprocessing = 0;
		};
/* End PBXCopyFilesBuildPhase section */

/* Begin PBXFileReference section */
		18773FBA2EDC5E2900552556 /* Practice */ = {isa = PBXFileReference; explicitFileType = "compiled.mach-o.executable"; includeInIndex = 0; path = Practice; sourceTree = BUILT_PRODUCTS_DIR; };
		18773FC82EDC5E4200552556 /* Day 01 */ = {isa = PBXFileReference; explicitFileType = "compiled.mach-o.executable"; includeInIndex = 0; path = "Day 01"; sourceTree = BUILT_PRODUCTS_DIR; };
		18B3F6992EEAEFE5004DF6C9 /* Day 11 */ = {isa = PBXFileReference; explicitFileType = "compiled.mach-o.executable"; includeInIndex = 0; path = "Day 11"; sourceTree = BUILT_PRODUCTS_DIR; };
		18CA227E2EE16EEB001D218B /* Day 04 */ = {isa = PBXFileReference; explicitFileType = "compiled.mach-o.executable"; includeInIndex = 0; path = "Day 04"; sourceTree = BUILT_PRODUCTS_DIR; };
		18CA33122EE2B9E7001D218B /* Day 05 */ = {isa = PBXFileReference; explicitFileType = "compiled.mach-o.executable"; includeInIndex = 0; path = "Day 05"; sourceTree = BUILT_PRODUCTS_DIR; };
		18CA33782EE3F238001D218B /* Day 06 */ = {isa = PBXFileReference; explicitFileType = "compiled.mach-o.executable"; includeInIndex = 0; path = "Day 06"; sourceTree = BUILT_PRODUCTS_DIR; };
		18CA33882EE56D80001D218B /* Day 07 */ = {isa = PBXFileReference; explicitFileType = "compiled.mach-o.executable"; includeInIndex = 0; path = "Day 07"; sourceTree = BUILT_PRODUCTS_DIR; };
		18CA339F2EE6B74A001D218B /* Day 08 */ = {isa = PBXFileReference; explicitFileType = "compiled.mach-o.executable"; includeInIndex = 0; path = "Day 08"; sourceTree = BUILT_PRODUCTS_DIR; };
		18CA551B2EE85C5B001D218B /* Day 09.app */ = {isa = PBXFileReference; explicitFileType = wrapper.application; includeInIndex = 0; path = "Day 09.app"; sourceTree = BUILT_PRODUCTS_DIR; };
		18CA96B22EE942B4001D218B /* Day 10 */ = {isa = PBXFileReference; explicitFileType = "compiled.mach-o.executable"; includeInIndex = 0; path = "Day 10"; sourceTree = BUILT_PRODUCTS_DIR; };
		18EB19822EDEDDDE006CFC10 /* Day 02 */ = {isa = PBXFileReference; explicitFileType = "compiled.mach-o.executable"; includeInIndex = 0; path = "Day 02"; sourceTree = BUILT_PRODUCTS_DIR; };
		18EB49382EE00F91006CFC10 /* Day 03 */ = {isa = PBXFileReference; explicitFileType = "compiled.mach-o.executable"; includeInIndex = 0; path = "Day 03"; sourceTree = BUILT_PRODUCTS_DIR; };
/* End PBXFileReference section */

/* Begin PBXFileSystemSynchronizedGroupBuildPhaseMembershipExceptionSet section */
		18773FD12EDC5FF500552556 /* Exceptions for "Practise" folder in "Copy Files" phase from "Practice" target */ = {
			isa = PBXFileSystemSynchronizedGroupBuildPhaseMembershipExceptionSet;
			buildPhase = 18773FB82EDC5E2900552556 /* CopyFiles */;
			membershipExceptions = (
				2024_day2_test.txt,
				2024_day2.txt,
				Input.txt,
				Input2.txt,
				Input3.txt,
				Input4.txt,
			);
		};
		18B3F6A42EEAF15B004DF6C9 /* Exceptions for "Day 11" folder in "Copy Files" phase from "Day 11" target */ = {
			isa = PBXFileSystemSynchronizedGroupBuildPhaseMembershipExceptionSet;
			buildPhase = 18B3F6972EEAEFE5004DF6C9 /* CopyFiles */;
			membershipExceptions = (
				input_test_2.txt,
				input_test.txt,
				input.txt,
			);
		};
		18CA228D2EE16FB7001D218B /* Exceptions for "Day 04" folder in "Copy Files" phase from "Day 04" target */ = {
			isa = PBXFileSystemSynchronizedGroupBuildPhaseMembershipExceptionSet;
			buildPhase = 18CA227C2EE16EEB001D218B /* CopyFiles */;
			membershipExceptions = (
				input_test.txt,
				input.txt,
			);
		};
		18CA331D2EE2BA0B001D218B /* Exceptions for "Day 05" folder in "Copy Files" phase from "Day 05" target */ = {
			isa = PBXFileSystemSynchronizedGroupBuildPhaseMembershipExceptionSet;
			buildPhase = 18CA33102EE2B9E7001D218B /* CopyFiles */;
			membershipExceptions = (
				input_1.txt,
				input_2.txt,
				input_test_1.txt,
				input_test_2.txt,
			);
		};
		18CA33832EE3F256001D218B /* Exceptions for "Day 06" folder in "Copy Files" phase from "Day 06" target */ = {
			isa = PBXFileSystemSynchronizedGroupBuildPhaseMembershipExceptionSet;
			buildPhase = 18CA33762EE3F238001D218B /* CopyFiles */;
			membershipExceptions = (
				input_test.txt,
				input.txt,
			);
		};
		18CA33932EE56D96001D218B /* Exceptions for "Day 07" folder in "Copy Files" phase from "Day 07" target */ = {
			isa = PBXFileSystemSynchronizedGroupBuildPhaseMembershipExceptionSet;
			buildPhase = 18CA33862EE56D80001D218B /* CopyFiles */;
			membershipExceptions = (
				input_test.txt,
				input.txt,
			);
		};
		18CA33AA2EE6B76C001D218B /* Exceptions for "Day 08" folder in "Copy Files" phase from "Day 08" target */ = {
			isa = PBXFileSystemSynchronizedGroupBuildPhaseMembershipExceptionSet;
			buildPhase = 18CA339D2EE6B74A001D218B /* CopyFiles */;
			membershipExceptions = (
				input_test.txt,
				input.txt,
			);
		};
		18CA96BD2EE9453E001D218B /* Exceptions for "Day 10" folder in "Copy Files" phase from "Day 10" target */ = {
			isa = PBXFileSystemSynchronizedGroupBuildPhaseMembershipExceptionSet;
			buildPhase = 18CA96B02EE942B4001D218B /* Copy Files */;
			membershipExceptions = (
				input_test.txt,
				input.txt,
			);
		};
		18EB49402EE00FA8006CFC10 /* Exceptions for "Day 01" folder in "Copy Files" phase from "Day 01" target */ = {
			isa = PBXFileSystemSynchronizedGroupBuildPhaseMembershipExceptionSet;
			buildPhase = 18773FC62EDC5E4200552556 /* CopyFiles */;
			membershipExceptions = (
				input_test.txt,
				input.txt,
			);
		};
		18EB49452EE00FE6006CFC10 /* Exceptions for "Day 03" folder in "Copy Files" phase from "Day 03" target */ = {
			isa = PBXFileSystemSynchronizedGroupBuildPhaseMembershipExceptionSet;
			buildPhase = 18EB49362EE00F91006CFC10 /* CopyFiles */;
			membershipExceptions = (
				input_test.txt,
				input.txt,
			);
		};
/* End PBXFileSystemSynchronizedGroupBuildPhaseMembershipExceptionSet section */

/* Begin PBXFileSystemSynchronizedRootGroup section */
		18773FBC2EDC5E2900552556 /* Practise */ = {
			isa = PBXFileSystemSynchronizedRootGroup;
			exceptions = (
				18773FD12EDC5FF500552556 /* Exceptions for "Practise" folder in "Copy Files" phase from "Practice" target */,
			);
			path = Practise;
			sourceTree = "<group>";
		};
		18773FC92EDC5E4200552556 /* Day 01 */ = {
			isa = PBXFileSystemSynchronizedRootGroup;
			exceptions = (
				18EB49402EE00FA8006CFC10 /* Exceptions for "Day 01" folder in "Copy Files" phase from "Day 01" target */,
			);
			path = "Day 01";
			sourceTree = "<group>";
		};
		18B3F69A2EEAEFE5004DF6C9 /* Day 11 */ = {
			isa = PBXFileSystemSynchronizedRootGroup;
			exceptions = (
				18B3F6A42EEAF15B004DF6C9 /* Exceptions for "Day 11" folder in "Copy Files" phase from "Day 11" target */,
			);
			path = "Day 11";
			sourceTree = "<group>";
		};
		18CA227F2EE16EEB001D218B /* Day 04 */ = {
			isa = PBXFileSystemSynchronizedRootGroup;
			exceptions = (
				18CA228D2EE16FB7001D218B /* Exceptions for "Day 04" folder in "Copy Files" phase from "Day 04" target */,
			);
			path = "Day 04";
			sourceTree = "<group>";
		};
		18CA33132EE2B9E7001D218B /* Day 05 */ = {
			isa = PBXFileSystemSynchronizedRootGroup;
			exceptions = (
				18CA331D2EE2BA0B001D218B /* Exceptions for "Day 05" folder in "Copy Files" phase from "Day 05" target */,
			);
			path = "Day 05";
			sourceTree = "<group>";
		};
		18CA33792EE3F238001D218B /* Day 06 */ = {
			isa = PBXFileSystemSynchronizedRootGroup;
			exceptions = (
				18CA33832EE3F256001D218B /* Exceptions for "Day 06" folder in "Copy Files" phase from "Day 06" target */,
			);
			path = "Day 06";
			sourceTree = "<group>";
		};
		18CA33892EE56D80001D218B /* Day 07 */ = {
			isa = PBXFileSystemSynchronizedRootGroup;
			exceptions = (
				18CA33932EE56D96001D218B /* Exceptions for "Day 07" folder in "Copy Files" phase from "Day 07" target */,
			);
			path = "Day 07";
			sourceTree = "<group>";
		};
		18CA33A02EE6B74A001D218B /* Day 08 */ = {
			isa = PBXFileSystemSynchronizedRootGroup;
			exceptions = (
				18CA33AA2EE6B76C001D218B /* Exceptions for "Day 08" folder in "Copy Files" phase from "Day 08" target */,
			);
			path = "Day 08";
			sourceTree = "<group>";
		};
		18CA551C2EE85C5B001D218B /* Day 09 */ = {
			isa = PBXFileSystemSynchronizedRootGroup;
			path = "Day 09";
			sourceTree = "<group>";
		};
		18CA96B32EE942B4001D218B /* Day 10 */ = {
			isa = PBXFileSystemSynchronizedRootGroup;
			exceptions = (
				18CA96BD2EE9453E001D218B /* Exceptions for "Day 10" folder in "Copy Files" phase from "Day 10" target */,
			);
			path = "Day 10";
			sourceTree = "<group>";
		};
		18EB19832EDEDDDE006CFC10 /* Day 02 */ = {
			isa = PBXFileSystemSynchronizedRootGroup;
			path = "Day 02";
			sourceTree = "<group>";
		};
		18EB49392EE00F91006CFC10 /* Day 03 */ = {
			isa = PBXFileSystemSynchronizedRootGroup;
			exceptions = (
				18EB49452EE00FE6006CFC10 /* Exceptions for "Day 03" folder in "Copy Files" phase from "Day 03" target */,
			);
			path = "Day 03";
			sourceTree = "<group>";
		};
/* End PBXFileSystemSynchronizedRootGroup section */

/* Begin PBXFrameworksBuildPhase section */
		18773FB72EDC5E2900552556 /* Frameworks */ = {
			isa = PBXFrameworksBuildPhase;
			buildActionMask = 2147483647;
			files = (
			);
			runOnlyForDeploymentPostprocessing = 0;
		};
		18773FC52EDC5E4200552556 /* Frameworks */ = {
			isa = PBXFrameworksBuildPhase;
			buildActionMask = 2147483647;
			files = (
			);
			runOnlyForDeploymentPostprocessing = 0;
		};
		18B3F6962EEAEFE5004DF6C9 /* Frameworks */ = {
			isa = PBXFrameworksBuildPhase;
			buildActionMask = 2147483647;
			files = (
			);
			runOnlyForDeploymentPostprocessing = 0;
		};
		18CA227B2EE16EEB001D218B /* Frameworks */ = {
			isa = PBXFrameworksBuildPhase;
			buildActionMask = 2147483647;
			files = (
			);
			runOnlyForDeploymentPostprocessing = 0;
		};
		18CA330F2EE2B9E7001D218B /* Frameworks */ = {
			isa = PBXFrameworksBuildPhase;
			buildActionMask = 2147483647;
			files = (
			);
			runOnlyForDeploymentPostprocessing = 0;
		};
		18CA33752EE3F238001D218B /* Frameworks */ = {
			isa = PBXFrameworksBuildPhase;
			buildActionMask = 2147483647;
			files = (
			);
			runOnlyForDeploymentPostprocessing = 0;
		};
		18CA33852EE56D80001D218B /* Frameworks */ = {
			isa = PBXFrameworksBuildPhase;
			buildActionMask = 2147483647;
			files = (
			);
			runOnlyForDeploymentPostprocessing = 0;
		};
		18CA339C2EE6B74A001D218B /* Frameworks */ = {
			isa = PBXFrameworksBuildPhase;
			buildActionMask = 2147483647;
			files = (
			);
			runOnlyForDeploymentPostprocessing = 0;
		};
		18CA55182EE85C5B001D218B /* Frameworks */ = {
			isa = PBXFrameworksBuildPhase;
			buildActionMask = 2147483647;
			files = (
			);
			runOnlyForDeploymentPostprocessing = 0;
		};
		18CA96AF2EE942B4001D218B /* Frameworks */ = {
			isa = PBXFrameworksBuildPhase;
			buildActionMask = 2147483647;
			files = (
			);
			runOnlyForDeploymentPostprocessing = 0;
		};
		18EB197F2EDEDDDE006CFC10 /* Frameworks */ = {
			isa = PBXFrameworksBuildPhase;
			buildActionMask = 2147483647;
			files = (
			);
			runOnlyForDeploymentPostprocessing = 0;
		};
		18EB49352EE00F91006CFC10 /* Frameworks */ = {
			isa = PBXFrameworksBuildPhase;
			buildActionMask = 2147483647;
			files = (
			);
			runOnlyForDeploymentPostprocessing = 0;
		};
/* End PBXFrameworksBuildPhase section */

/* Begin PBXGroup section */
		18773FB12EDC5E2900552556 = {
			isa = PBXGroup;
			children = (
				18773FBC2EDC5E2900552556 /* Practise */,
				18773FC92EDC5E4200552556 /* Day 01 */,
				18EB19832EDEDDDE006CFC10 /* Day 02 */,
				18EB49392EE00F91006CFC10 /* Day 03 */,
				18CA227F2EE16EEB001D218B /* Day 04 */,
				18CA33132EE2B9E7001D218B /* Day 05 */,
				18CA33792EE3F238001D218B /* Day 06 */,
				18CA33892EE56D80001D218B /* Day 07 */,
				18CA33A02EE6B74A001D218B /* Day 08 */,
				18CA551C2EE85C5B001D218B /* Day 09 */,
				18CA96B32EE942B4001D218B /* Day 10 */,
				18B3F69A2EEAEFE5004DF6C9 /* Day 11 */,
				18773FBB2EDC5E2900552556 /* Products */,
			);
			sourceTree = "<group>";
		};
		18773FBB2EDC5E2900552556 /* Products */ = {
			isa = PBXGroup;
			children = (
				18773FBA2EDC5E2900552556 /* Practice */,
				18773FC82EDC5E4200552556 /* Day 01 */,
				18EB19822EDEDDDE006CFC10 /* Day 02 */,
				18EB49382EE00F91006CFC10 /* Day 03 */,
				18CA227E2EE16EEB001D218B /* Day 04 */,
				18CA33122EE2B9E7001D218B /* Day 05 */,
				18CA33782EE3F238001D218B /* Day 06 */,
				18CA33882EE56D80001D218B /* Day 07 */,
				18CA339F2EE6B74A001D218B /* Day 08 */,
				18CA551B2EE85C5B001D218B /* Day 09.app */,
				18CA96B22EE942B4001D218B /* Day 10 */,
				18B3F6992EEAEFE5004DF6C9 /* Day 11 */,
			);
			name = Products;
			sourceTree = "<group>";
		};
/* End PBXGroup section */

/* Begin PBXNativeTarget section */
		18773FB92EDC5E2900552556 /* Practice */ = {
			isa = PBXNativeTarget;
			buildConfigurationList = 18773FC12EDC5E2900552556 /* Build configuration list for PBXNativeTarget "Practice" */;
			buildPhases = (
				18773FB62EDC5E2900552556 /* Sources */,
				18773FB72EDC5E2900552556 /* Frameworks */,
				18773FB82EDC5E2900552556 /* CopyFiles */,
			);
			buildRules = (
			);
			dependencies = (
			);
			fileSystemSynchronizedGroups = (
				18773FBC2EDC5E2900552556 /* Practise */,
			);
			name = Practice;
			packageProductDependencies = (
			);
			productName = AdventOfCode;
			productReference = 18773FBA2EDC5E2900552556 /* Practice */;
			productType = "com.apple.product-type.tool";
		};
		18773FC72EDC5E4200552556 /* Day 01 */ = {
			isa = PBXNativeTarget;
			buildConfigurationList = 18773FCC2EDC5E4200552556 /* Build configuration list for PBXNativeTarget "Day 01" */;
			buildPhases = (
				18773FC42EDC5E4200552556 /* Sources */,
				18773FC52EDC5E4200552556 /* Frameworks */,
				18773FC62EDC5E4200552556 /* CopyFiles */,
			);
			buildRules = (
			);
			dependencies = (
			);
			fileSystemSynchronizedGroups = (
				18773FC92EDC5E4200552556 /* Day 01 */,
			);
			name = "Day 01";
			packageProductDependencies = (
			);
			productName = day1;
			productReference = 18773FC82EDC5E4200552556 /* Day 01 */;
			productType = "com.apple.product-type.tool";
		};
		18B3F6982EEAEFE5004DF6C9 /* Day 11 */ = {
			isa = PBXNativeTarget;
			buildConfigurationList = 18B3F69F2EEAEFE5004DF6C9 /* Build configuration list for PBXNativeTarget "Day 11" */;
			buildPhases = (
				18B3F6952EEAEFE5004DF6C9 /* Sources */,
				18B3F6962EEAEFE5004DF6C9 /* Frameworks */,
				18B3F6972EEAEFE5004DF6C9 /* CopyFiles */,
			);
			buildRules = (
			);
			dependencies = (
			);
			fileSystemSynchronizedGroups = (
				18B3F69A2EEAEFE5004DF6C9 /* Day 11 */,
			);
			name = "Day 11";
			packageProductDependencies = (
			);
			productName = "Day 11";
			productReference = 18B3F6992EEAEFE5004DF6C9 /* Day 11 */;
			productType = "com.apple.product-type.tool";
		};
		18CA227D2EE16EEB001D218B /* Day 04 */ = {
			isa = PBXNativeTarget;
			buildConfigurationList = 18CA22842EE16EEB001D218B /* Build configuration list for PBXNativeTarget "Day 04" */;
			buildPhases = (
				18CA227A2EE16EEB001D218B /* Sources */,
				18CA227B2EE16EEB001D218B /* Frameworks */,
				18CA227C2EE16EEB001D218B /* CopyFiles */,
			);
			buildRules = (
			);
			dependencies = (
			);
			fileSystemSynchronizedGroups = (
				18CA227F2EE16EEB001D218B /* Day 04 */,
			);
			name = "Day 04";
			packageProductDependencies = (
			);
			productName = "Day 04";
			productReference = 18CA227E2EE16EEB001D218B /* Day 04 */;
			productType = "com.apple.product-type.tool";
		};
		18CA33112EE2B9E7001D218B /* Day 05 */ = {
			isa = PBXNativeTarget;
			buildConfigurationList = 18CA33162EE2B9E7001D218B /* Build configuration list for PBXNativeTarget "Day 05" */;
			buildPhases = (
				18CA330E2EE2B9E7001D218B /* Sources */,
				18CA330F2EE2B9E7001D218B /* Frameworks */,
				18CA33102EE2B9E7001D218B /* CopyFiles */,
			);
			buildRules = (
			);
			dependencies = (
			);
			fileSystemSynchronizedGroups = (
				18CA33132EE2B9E7001D218B /* Day 05 */,
			);
			name = "Day 05";
			packageProductDependencies = (
			);
			productName = "Day 05";
			productReference = 18CA33122EE2B9E7001D218B /* Day 05 */;
			productType = "com.apple.product-type.tool";
		};
		18CA33772EE3F238001D218B /* Day 06 */ = {
			isa = PBXNativeTarget;
			buildConfigurationList = 18CA337E2EE3F238001D218B /* Build configuration list for PBXNativeTarget "Day 06" */;
			buildPhases = (
				18CA33742EE3F238001D218B /* Sources */,
				18CA33752EE3F238001D218B /* Frameworks */,
				18CA33762EE3F238001D218B /* CopyFiles */,
			);
			buildRules = (
			);
			dependencies = (
			);
			fileSystemSynchronizedGroups = (
				18CA33792EE3F238001D218B /* Day 06 */,
			);
			name = "Day 06";
			packageProductDependencies = (
			);
			productName = "Day 06";
			productReference = 18CA33782EE3F238001D218B /* Day 06 */;
			productType = "com.apple.product-type.tool";
		};
		18CA33872EE56D80001D218B /* Day 07 */ = {
			isa = PBXNativeTarget;
			buildConfigurationList = 18CA338C2EE56D80001D218B /* Build configuration list for PBXNativeTarget "Day 07" */;
			buildPhases = (
				18CA33842EE56D80001D218B /* Sources */,
				18CA33852EE56D80001D218B /* Frameworks */,
				18CA33862EE56D80001D218B /* CopyFiles */,
			);
			buildRules = (
			);
			dependencies = (
			);
			fileSystemSynchronizedGroups = (
				18CA33892EE56D80001D218B /* Day 07 */,
			);
			name = "Day 07";
			packageProductDependencies = (
			);
			productName = "Day 07";
			productReference = 18CA33882EE56D80001D218B /* Day 07 */;
			productType = "com.apple.product-type.tool";
		};
		18CA339E2EE6B74A001D218B /* Day 08 */ = {
			isa = PBXNativeTarget;
			buildConfigurationList = 18CA33A32EE6B74A001D218B /* Build configuration list for PBXNativeTarget "Day 08" */;
			buildPhases = (
				18CA339B2EE6B74A001D218B /* Sources */,
				18CA339C2EE6B74A001D218B /* Frameworks */,
				18CA339D2EE6B74A001D218B /* CopyFiles */,
			);
			buildRules = (
			);
			dependencies = (
			);
			fileSystemSynchronizedGroups = (
				18CA33A02EE6B74A001D218B /* Day 08 */,
			);
			name = "Day 08";
			packageProductDependencies = (
			);
			productName = "Day 08";
			productReference = 18CA339F2EE6B74A001D218B /* Day 08 */;
			productType = "com.apple.product-type.tool";
		};
		18CA551A2EE85C5B001D218B /* Day 09 */ = {
			isa = PBXNativeTarget;
			buildConfigurationList = 18CA55232EE85C5D001D218B /* Build configuration list for PBXNativeTarget "Day 09" */;
			buildPhases = (
				18CA55172EE85C5B001D218B /* Sources */,
				18CA55182EE85C5B001D218B /* Frameworks */,
				18CA55192EE85C5B001D218B /* Resources */,
			);
			buildRules = (
			);
			dependencies = (
			);
			fileSystemSynchronizedGroups = (
				18CA551C2EE85C5B001D218B /* Day 09 */,
			);
			name = "Day 09";
			packageProductDependencies = (
			);
			productName = "Day 09 2";
			productReference = 18CA551B2EE85C5B001D218B /* Day 09.app */;
			productType = "com.apple.product-type.application";
		};
		18CA96B12EE942B4001D218B /* Day 10 */ = {
			isa = PBXNativeTarget;
			buildConfigurationList = 18CA96B62EE942B4001D218B /* Build configuration list for PBXNativeTarget "Day 10" */;
			buildPhases = (
				18CA96AE2EE942B4001D218B /* Sources */,
				18CA96AF2EE942B4001D218B /* Frameworks */,
				18CA96B02EE942B4001D218B /* Copy Files */,
			);
			buildRules = (
			);
			dependencies = (
			);
			fileSystemSynchronizedGroups = (
				18CA96B32EE942B4001D218B /* Day 10 */,
			);
			name = "Day 10";
			packageProductDependencies = (
			);
			productName = "Day 10";
			productReference = 18CA96B22EE942B4001D218B /* Day 10 */;
			productType = "com.apple.product-type.tool";
		};
		18EB19812EDEDDDE006CFC10 /* Day 02 */ = {
			isa = PBXNativeTarget;
			buildConfigurationList = 18EB19882EDEDDDE006CFC10 /* Build configuration list for PBXNativeTarget "Day 02" */;
			buildPhases = (
				18EB197E2EDEDDDE006CFC10 /* Sources */,
				18EB197F2EDEDDDE006CFC10 /* Frameworks */,
				18EB19802EDEDDDE006CFC10 /* CopyFiles */,
			);
			buildRules = (
			);
			dependencies = (
			);
			fileSystemSynchronizedGroups = (
				18EB19832EDEDDDE006CFC10 /* Day 02 */,
			);
			name = "Day 02";
			packageProductDependencies = (
			);
			productName = "Day 02";
			productReference = 18EB19822EDEDDDE006CFC10 /* Day 02 */;
			productType = "com.apple.product-type.tool";
		};
		18EB49372EE00F91006CFC10 /* Day 03 */ = {
			isa = PBXNativeTarget;
			buildConfigurationList = 18EB493E2EE00F91006CFC10 /* Build configuration list for PBXNativeTarget "Day 03" */;
			buildPhases = (
				18EB49342EE00F91006CFC10 /* Sources */,
				18EB49352EE00F91006CFC10 /* Frameworks */,
				18EB49362EE00F91006CFC10 /* CopyFiles */,
			);
			buildRules = (
			);
			dependencies = (
			);
			fileSystemSynchronizedGroups = (
				18EB49392EE00F91006CFC10 /* Day 03 */,
			);
			name = "Day 03";
			packageProductDependencies = (
			);
			productName = "Day 03";
			productReference = 18EB49382EE00F91006CFC10 /* Day 03 */;
			productType = "com.apple.product-type.tool";
		};
/* End PBXNativeTarget section */

/* Begin PBXProject section */
		18773FB22EDC5E2900552556 /* Project object */ = {
			isa = PBXProject;
			attributes = {
				BuildIndependentTargetsInParallel = 1;
				LastSwiftUpdateCheck = 2600;
				LastUpgradeCheck = 2600;
				TargetAttributes = {
					18773FB92EDC5E2900552556 = {
						CreatedOnToolsVersion = 26.0.1;
					};
					18773FC72EDC5E4200552556 = {
						CreatedOnToolsVersion = 26.0.1;
					};
					18B3F6982EEAEFE5004DF6C9 = {
						CreatedOnToolsVersion = 26.0.1;
					};
					18CA227D2EE16EEB001D218B = {
						CreatedOnToolsVersion = 26.0.1;
					};
					18CA33112EE2B9E7001D218B = {
						CreatedOnToolsVersion = 26.0.1;
					};
					18CA33772EE3F238001D218B = {
						CreatedOnToolsVersion = 26.0.1;
					};
					18CA33872EE56D80001D218B = {
						CreatedOnToolsVersion = 26.0.1;
					};
					18CA339E2EE6B74A001D218B = {
						CreatedOnToolsVersion = 26.0.1;
					};
					18CA551A2EE85C5B001D218B = {
						CreatedOnToolsVersion = 26.0.1;
					};
					18CA96B12EE942B4001D218B = {
						CreatedOnToolsVersion = 26.0.1;
					};
					18EB19812EDEDDDE006CFC10 = {
						CreatedOnToolsVersion = 26.0.1;
					};
					18EB49372EE00F91006CFC10 = {
						CreatedOnToolsVersion = 26.0.1;
					};
				};
			};
			buildConfigurationList = 18773FB52EDC5E2900552556 /* Build configuration list for PBXProject "AdventOfCode" */;
			developmentRegion = en;
			hasScannedForEncodings = 0;
			knownRegions = (
				en,
				Base,
			);
			mainGroup = 18773FB12EDC5E2900552556;
			minimizedProjectReferenceProxies = 1;
			preferredProjectObjectVersion = 77;
			productRefGroup = 18773FBB2EDC5E2900552556 /* Products */;
			projectDirPath = "";
			projectRoot = "";
			targets = (
				18773FB92EDC5E2900552556 /* Practice */,
				18773FC72EDC5E4200552556 /* Day 01 */,
				18EB19812EDEDDDE006CFC10 /* Day 02 */,
				18EB49372EE00F91006CFC10 /* Day 03 */,
				18CA227D2EE16EEB001D218B /* Day 04 */,
				18CA33112EE2B9E7001D218B /* Day 05 */,
				18CA33772EE3F238001D218B /* Day 06 */,
				18CA33872EE56D80001D218B /* Day 07 */,
				18CA339E2EE6B74A001D218B /* Day 08 */,
				18CA551A2EE85C5B001D218B /* Day 09 */,
				18CA96B12EE942B4001D218B /* Day 10 */,
				18B3F6982EEAEFE5004DF6C9 /* Day 11 */,
			);
		};
/* End PBXProject section */

/* Begin PBXResourcesBuildPhase section */
		18CA55192EE85C5B001D218B /* Resources */ = {
			isa = PBXResourcesBuildPhase;
			buildActionMask = 2147483647;
			files = (
			);
			runOnlyForDeploymentPostprocessing = 0;
		};
/* End PBXResourcesBuildPhase section */

/* Begin PBXSourcesBuildPhase section */
		18773FB62EDC5E2900552556 /* Sources */ = {
			isa = PBXSourcesBuildPhase;
			buildActionMask = 2147483647;
			files = (
			);
			runOnlyForDeploymentPostprocessing = 0;
		};
		18773FC42EDC5E4200552556 /* Sources */ = {
			isa = PBXSourcesBuildPhase;
			buildActionMask = 2147483647;
			files = (
			);
			runOnlyForDeploymentPostprocessing = 0;
		};
		18B3F6952EEAEFE5004DF6C9 /* Sources */ = {
			isa = PBXSourcesBuildPhase;
			buildActionMask = 2147483647;
			files = (
			);
			runOnlyForDeploymentPostprocessing = 0;
		};
		18CA227A2EE16EEB001D218B /* Sources */ = {
			isa = PBXSourcesBuildPhase;
			buildActionMask = 2147483647;
			files = (
			);
			runOnlyForDeploymentPostprocessing = 0;
		};
		18CA330E2EE2B9E7001D218B /* Sources */ = {
			isa = PBXSourcesBuildPhase;
			buildActionMask = 2147483647;
			files = (
			);
			runOnlyForDeploymentPostprocessing = 0;
		};
		18CA33742EE3F238001D218B /* Sources */ = {
			isa = PBXSourcesBuildPhase;
			buildActionMask = 2147483647;
			files = (
			);
			runOnlyForDeploymentPostprocessing = 0;
		};
		18CA33842EE56D80001D218B /* Sources */ = {
			isa = PBXSourcesBuildPhase;
			buildActionMask = 2147483647;
			files = (
			);
			runOnlyForDeploymentPostprocessing = 0;
		};
		18CA339B2EE6B74A001D218B /* Sources */ = {
			isa = PBXSourcesBuildPhase;
			buildActionMask = 2147483647;
			files = (
			);
			runOnlyForDeploymentPostprocessing = 0;
		};
		18CA55172EE85C5B001D218B /* Sources */ = {
			isa = PBXSourcesBuildPhase;
			buildActionMask = 2147483647;
			files = (
			);
			runOnlyForDeploymentPostprocessing = 0;
		};
		18CA96AE2EE942B4001D218B /* Sources */ = {
			isa = PBXSourcesBuildPhase;
			buildActionMask = 2147483647;
			files = (
			);
			runOnlyForDeploymentPostprocessing = 0;
		};
		18EB197E2EDEDDDE006CFC10 /* Sources */ = {
			isa = PBXSourcesBuildPhase;
			buildActionMask = 2147483647;
			files = (
			);
			runOnlyForDeploymentPostprocessing = 0;
		};
		18EB49342EE00F91006CFC10 /* Sources */ = {
			isa = PBXSourcesBuildPhase;
			buildActionMask = 2147483647;
			files = (
			);
			runOnlyForDeploymentPostprocessing = 0;
		};
/* End PBXSourcesBuildPhase section */

/* Begin XCBuildConfiguration section */
		18773FBF2EDC5E2900552556 /* Debug */ = {
			isa = XCBuildConfiguration;
			buildSettings = {
				ALWAYS_SEARCH_USER_PATHS = NO;
				ASSETCATALOG_COMPILER_GENERATE_SWIFT_ASSET_SYMBOL_EXTENSIONS = YES;
				CLANG_ANALYZER_NONNULL = YES;
				CLANG_ANALYZER_NUMBER_OBJECT_CONVERSION = YES_AGGRESSIVE;
				CLANG_CXX_LANGUAGE_STANDARD = "gnu++20";
				CLANG_ENABLE_MODULES = YES;
				CLANG_ENABLE_OBJC_ARC = YES;
				CLANG_ENABLE_OBJC_WEAK = YES;
				CLANG_WARN_BLOCK_CAPTURE_AUTORELEASING = YES;
				CLANG_WARN_BOOL_CONVERSION = YES;
				CLANG_WARN_COMMA = YES;
				CLANG_WARN_CONSTANT_CONVERSION = YES;
				CLANG_WARN_DEPRECATED_OBJC_IMPLEMENTATIONS = YES;
				CLANG_WARN_DIRECT_OBJC_ISA_USAGE = YES_ERROR;
				CLANG_WARN_DOCUMENTATION_COMMENTS = YES;
				CLANG_WARN_EMPTY_BODY = YES;
				CLANG_WARN_ENUM_CONVERSION = YES;
				CLANG_WARN_INFINITE_RECURSION = YES;
				CLANG_WARN_INT_CONVERSION = YES;
				CLANG_WARN_NON_LITERAL_NULL_CONVERSION = YES;
				CLANG_WARN_OBJC_IMPLICIT_RETAIN_SELF = YES;
				CLANG_WARN_OBJC_LITERAL_CONVERSION = YES;
				CLANG_WARN_OBJC_ROOT_CLASS = YES_ERROR;
				CLANG_WARN_QUOTED_INCLUDE_IN_FRAMEWORK_HEADER = YES;
				CLANG_WARN_RANGE_LOOP_ANALYSIS = YES;
				CLANG_WARN_STRICT_PROTOTYPES = YES;
				CLANG_WARN_SUSPICIOUS_MOVE = YES;
				CLANG_WARN_UNGUARDED_AVAILABILITY = YES_AGGRESSIVE;
				CLANG_WARN_UNREACHABLE_CODE = YES;
				CLANG_WARN__DUPLICATE_METHOD_MATCH = YES;
				COPY_PHASE_STRIP = NO;
				DEBUG_INFORMATION_FORMAT = dwarf;
				DEVELOPMENT_TEAM = PA54HJVY9J;
				ENABLE_STRICT_OBJC_MSGSEND = YES;
				ENABLE_TESTABILITY = YES;
				ENABLE_USER_SCRIPT_SANDBOXING = YES;
				GCC_C_LANGUAGE_STANDARD = gnu17;
				GCC_DYNAMIC_NO_PIC = NO;
				GCC_NO_COMMON_BLOCKS = YES;
				GCC_OPTIMIZATION_LEVEL = 0;
				GCC_PREPROCESSOR_DEFINITIONS = (
					"DEBUG=1",
					"$(inherited)",
				);
				GCC_WARN_64_TO_32_BIT_CONVERSION = YES;
				GCC_WARN_ABOUT_RETURN_TYPE = YES_ERROR;
				GCC_WARN_UNDECLARED_SELECTOR = YES;
				GCC_WARN_UNINITIALIZED_AUTOS = YES_AGGRESSIVE;
				GCC_WARN_UNUSED_FUNCTION = YES;
				GCC_WARN_UNUSED_VARIABLE = YES;
				LOCALIZATION_PREFERS_STRING_CATALOGS = YES;
				MACOSX_DEPLOYMENT_TARGET = 15.7;
				MTL_ENABLE_DEBUG_INFO = INCLUDE_SOURCE;
				MTL_FAST_MATH = YES;
				ONLY_ACTIVE_ARCH = YES;
				SDKROOT = macosx;
				SWIFT_ACTIVE_COMPILATION_CONDITIONS = "DEBUG $(inherited)";
				SWIFT_OPTIMIZATION_LEVEL = "-Onone";
			};
			name = Debug;
		};
		18773FC02EDC5E2900552556 /* Release */ = {
			isa = XCBuildConfiguration;
			buildSettings = {
				ALWAYS_SEARCH_USER_PATHS = NO;
				ASSETCATALOG_COMPILER_GENERATE_SWIFT_ASSET_SYMBOL_EXTENSIONS = YES;
				CLANG_ANALYZER_NONNULL = YES;
				CLANG_ANALYZER_NUMBER_OBJECT_CONVERSION = YES_AGGRESSIVE;
				CLANG_CXX_LANGUAGE_STANDARD = "gnu++20";
				CLANG_ENABLE_MODULES = YES;
				CLANG_ENABLE_OBJC_ARC = YES;
				CLANG_ENABLE_OBJC_WEAK = YES;
				CLANG_WARN_BLOCK_CAPTURE_AUTORELEASING = YES;
				CLANG_WARN_BOOL_CONVERSION = YES;
				CLANG_WARN_COMMA = YES;
				CLANG_WARN_CONSTANT_CONVERSION = YES;
				CLANG_WARN_DEPRECATED_OBJC_IMPLEMENTATIONS = YES;
				CLANG_WARN_DIRECT_OBJC_ISA_USAGE = YES_ERROR;
				CLANG_WARN_DOCUMENTATION_COMMENTS = YES;
				CLANG_WARN_EMPTY_BODY = YES;
				CLANG_WARN_ENUM_CONVERSION = YES;
				CLANG_WARN_INFINITE_RECURSION = YES;
				CLANG_WARN_INT_CONVERSION = YES;
				CLANG_WARN_NON_LITERAL_NULL_CONVERSION = YES;
				CLANG_WARN_OBJC_IMPLICIT_RETAIN_SELF = YES;
				CLANG_WARN_OBJC_LITERAL_CONVERSION = YES;
				CLANG_WARN_OBJC_ROOT_CLASS = YES_ERROR;
				CLANG_WARN_QUOTED_INCLUDE_IN_FRAMEWORK_HEADER = YES;
				CLANG_WARN_RANGE_LOOP_ANALYSIS = YES;
				CLANG_WARN_STRICT_PROTOTYPES = YES;
				CLANG_WARN_SUSPICIOUS_MOVE = YES;
				CLANG_WARN_UNGUARDED_AVAILABILITY = YES_AGGRESSIVE;
				CLANG_WARN_UNREACHABLE_CODE = YES;
				CLANG_WARN__DUPLICATE_METHOD_MATCH = YES;
				COPY_PHASE_STRIP = NO;
				DEBUG_INFORMATION_FORMAT = "dwarf-with-dsym";
				DEVELOPMENT_TEAM = PA54HJVY9J;
				ENABLE_NS_ASSERTIONS = NO;
				ENABLE_STRICT_OBJC_MSGSEND = YES;
				ENABLE_USER_SCRIPT_SANDBOXING = YES;
				GCC_C_LANGUAGE_STANDARD = gnu17;
				GCC_NO_COMMON_BLOCKS = YES;
				GCC_WARN_64_TO_32_BIT_CONVERSION = YES;
				GCC_WARN_ABOUT_RETURN_TYPE = YES_ERROR;
				GCC_WARN_UNDECLARED_SELECTOR = YES;
				GCC_WARN_UNINITIALIZED_AUTOS = YES_AGGRESSIVE;
				GCC_WARN_UNUSED_FUNCTION = YES;
				GCC_WARN_UNUSED_VARIABLE = YES;
				LOCALIZATION_PREFERS_STRING_CATALOGS = YES;
				MACOSX_DEPLOYMENT_TARGET = 15.7;
				MTL_ENABLE_DEBUG_INFO = NO;
				MTL_FAST_MATH = YES;
				SDKROOT = macosx;
				SWIFT_COMPILATION_MODE = wholemodule;
			};
			name = Release;
		};
		18773FC22EDC5E2900552556 /* Debug */ = {
			isa = XCBuildConfiguration;
			buildSettings = {
				CODE_SIGN_STYLE = Automatic;
				DEVELOPMENT_TEAM = PA54HJVY9J;
				ENABLE_HARDENED_RUNTIME = YES;
				PRODUCT_NAME = "$(TARGET_NAME)";
				SWIFT_APPROACHABLE_CONCURRENCY = YES;
				SWIFT_UPCOMING_FEATURE_MEMBER_IMPORT_VISIBILITY = YES;
				SWIFT_VERSION = 5.0;
			};
			name = Debug;
		};
		18773FC32EDC5E2900552556 /* Release */ = {
			isa = XCBuildConfiguration;
			buildSettings = {
				CODE_SIGN_STYLE = Automatic;
				DEVELOPMENT_TEAM = PA54HJVY9J;
				ENABLE_HARDENED_RUNTIME = YES;
				PRODUCT_NAME = "$(TARGET_NAME)";
				SWIFT_APPROACHABLE_CONCURRENCY = YES;
				SWIFT_UPCOMING_FEATURE_MEMBER_IMPORT_VISIBILITY = YES;
				SWIFT_VERSION = 5.0;
			};
			name = Release;
		};
		18773FCD2EDC5E4200552556 /* Debug */ = {
			isa = XCBuildConfiguration;
			buildSettings = {
				CODE_SIGN_STYLE = Automatic;
				DEVELOPMENT_TEAM = PA54HJVY9J;
				ENABLE_HARDENED_RUNTIME = YES;
				PRODUCT_NAME = "$(TARGET_NAME)";
				SWIFT_APPROACHABLE_CONCURRENCY = YES;
				SWIFT_UPCOMING_FEATURE_MEMBER_IMPORT_VISIBILITY = YES;
				SWIFT_VERSION = 5.0;
			};
			name = Debug;
		};
		18773FCE2EDC5E4200552556 /* Release */ = {
			isa = XCBuildConfiguration;
			buildSettings = {
				CODE_SIGN_STYLE = Automatic;
				DEVELOPMENT_TEAM = PA54HJVY9J;
				ENABLE_HARDENED_RUNTIME = YES;
				PRODUCT_NAME = "$(TARGET_NAME)";
				SWIFT_APPROACHABLE_CONCURRENCY = YES;
				SWIFT_UPCOMING_FEATURE_MEMBER_IMPORT_VISIBILITY = YES;
				SWIFT_VERSION = 5.0;
			};
			name = Release;
		};
		18B3F69D2EEAEFE5004DF6C9 /* Debug */ = {
			isa = XCBuildConfiguration;
			buildSettings = {
				CODE_SIGN_STYLE = Automatic;
				DEVELOPMENT_TEAM = PA54HJVY9J;
				ENABLE_HARDENED_RUNTIME = YES;
				PRODUCT_NAME = "$(TARGET_NAME)";
				SWIFT_APPROACHABLE_CONCURRENCY = YES;
				SWIFT_UPCOMING_FEATURE_MEMBER_IMPORT_VISIBILITY = YES;
				SWIFT_VERSION = 5.0;
			};
			name = Debug;
		};
		18B3F69E2EEAEFE5004DF6C9 /* Release */ = {
			isa = XCBuildConfiguration;
			buildSettings = {
				CODE_SIGN_STYLE = Automatic;
				DEVELOPMENT_TEAM = PA54HJVY9J;
				ENABLE_HARDENED_RUNTIME = YES;
				PRODUCT_NAME = "$(TARGET_NAME)";
				SWIFT_APPROACHABLE_CONCURRENCY = YES;
				SWIFT_UPCOMING_FEATURE_MEMBER_IMPORT_VISIBILITY = YES;
				SWIFT_VERSION = 5.0;
			};
			name = Release;
		};
		18CA22822EE16EEB001D218B /* Debug */ = {
			isa = XCBuildConfiguration;
			buildSettings = {
				CODE_SIGN_STYLE = Automatic;
				DEVELOPMENT_TEAM = PA54HJVY9J;
				ENABLE_HARDENED_RUNTIME = YES;
				PRODUCT_NAME = "$(TARGET_NAME)";
				SWIFT_APPROACHABLE_CONCURRENCY = YES;
				SWIFT_UPCOMING_FEATURE_MEMBER_IMPORT_VISIBILITY = YES;
				SWIFT_VERSION = 5.0;
			};
			name = Debug;
		};
		18CA22832EE16EEB001D218B /* Release */ = {
			isa = XCBuildConfiguration;
			buildSettings = {
				CODE_SIGN_STYLE = Automatic;
				DEVELOPMENT_TEAM = PA54HJVY9J;
				ENABLE_HARDENED_RUNTIME = YES;
				PRODUCT_NAME = "$(TARGET_NAME)";
				SWIFT_APPROACHABLE_CONCURRENCY = YES;
				SWIFT_UPCOMING_FEATURE_MEMBER_IMPORT_VISIBILITY = YES;
				SWIFT_VERSION = 5.0;
			};
			name = Release;
		};
		18CA33172EE2B9E7001D218B /* Debug */ = {
			isa = XCBuildConfiguration;
			buildSettings = {
				CODE_SIGN_STYLE = Automatic;
				DEVELOPMENT_TEAM = PA54HJVY9J;
				ENABLE_HARDENED_RUNTIME = YES;
				PRODUCT_NAME = "$(TARGET_NAME)";
				SWIFT_APPROACHABLE_CONCURRENCY = YES;
				SWIFT_UPCOMING_FEATURE_MEMBER_IMPORT_VISIBILITY = YES;
				SWIFT_VERSION = 5.0;
			};
			name = Debug;
		};
		18CA33182EE2B9E7001D218B /* Release */ = {
			isa = XCBuildConfiguration;
			buildSettings = {
				CODE_SIGN_STYLE = Automatic;
				DEVELOPMENT_TEAM = PA54HJVY9J;
				ENABLE_HARDENED_RUNTIME = YES;
				PRODUCT_NAME = "$(TARGET_NAME)";
				SWIFT_APPROACHABLE_CONCURRENCY = YES;
				SWIFT_UPCOMING_FEATURE_MEMBER_IMPORT_VISIBILITY = YES;
				SWIFT_VERSION = 5.0;
			};
			name = Release;
		};
		18CA337C2EE3F238001D218B /* Debug */ = {
			isa = XCBuildConfiguration;
			buildSettings = {
				CODE_SIGN_STYLE = Automatic;
				DEVELOPMENT_TEAM = PA54HJVY9J;
				ENABLE_HARDENED_RUNTIME = YES;
				PRODUCT_NAME = "$(TARGET_NAME)";
				SWIFT_APPROACHABLE_CONCURRENCY = YES;
				SWIFT_UPCOMING_FEATURE_MEMBER_IMPORT_VISIBILITY = YES;
				SWIFT_VERSION = 5.0;
			};
			name = Debug;
		};
		18CA337D2EE3F238001D218B /* Release */ = {
			isa = XCBuildConfiguration;
			buildSettings = {
				CODE_SIGN_STYLE = Automatic;
				DEVELOPMENT_TEAM = PA54HJVY9J;
				ENABLE_HARDENED_RUNTIME = YES;
				PRODUCT_NAME = "$(TARGET_NAME)";
				SWIFT_APPROACHABLE_CONCURRENCY = YES;
				SWIFT_UPCOMING_FEATURE_MEMBER_IMPORT_VISIBILITY = YES;
				SWIFT_VERSION = 5.0;
			};
			name = Release;
		};
		18CA338D2EE56D80001D218B /* Debug */ = {
			isa = XCBuildConfiguration;
			buildSettings = {
				CODE_SIGN_STYLE = Automatic;
				DEVELOPMENT_TEAM = PA54HJVY9J;
				ENABLE_HARDENED_RUNTIME = YES;
				PRODUCT_NAME = "$(TARGET_NAME)";
				SWIFT_APPROACHABLE_CONCURRENCY = YES;
				SWIFT_UPCOMING_FEATURE_MEMBER_IMPORT_VISIBILITY = YES;
				SWIFT_VERSION = 5.0;
			};
			name = Debug;
		};
		18CA338E2EE56D80001D218B /* Release */ = {
			isa = XCBuildConfiguration;
			buildSettings = {
				CODE_SIGN_STYLE = Automatic;
				DEVELOPMENT_TEAM = PA54HJVY9J;
				ENABLE_HARDENED_RUNTIME = YES;
				PRODUCT_NAME = "$(TARGET_NAME)";
				SWIFT_APPROACHABLE_CONCURRENCY = YES;
				SWIFT_UPCOMING_FEATURE_MEMBER_IMPORT_VISIBILITY = YES;
				SWIFT_VERSION = 5.0;
			};
			name = Release;
		};
		18CA33A42EE6B74A001D218B /* Debug */ = {
			isa = XCBuildConfiguration;
			buildSettings = {
				CODE_SIGN_STYLE = Automatic;
				DEVELOPMENT_TEAM = PA54HJVY9J;
				ENABLE_HARDENED_RUNTIME = YES;
				PRODUCT_NAME = "$(TARGET_NAME)";
				SWIFT_APPROACHABLE_CONCURRENCY = YES;
				SWIFT_UPCOMING_FEATURE_MEMBER_IMPORT_VISIBILITY = YES;
				SWIFT_VERSION = 5.0;
			};
			name = Debug;
		};
		18CA33A52EE6B74A001D218B /* Release */ = {
			isa = XCBuildConfiguration;
			buildSettings = {
				CODE_SIGN_STYLE = Automatic;
				DEVELOPMENT_TEAM = PA54HJVY9J;
				ENABLE_HARDENED_RUNTIME = YES;
				PRODUCT_NAME = "$(TARGET_NAME)";
				SWIFT_APPROACHABLE_CONCURRENCY = YES;
				SWIFT_UPCOMING_FEATURE_MEMBER_IMPORT_VISIBILITY = YES;
				SWIFT_VERSION = 5.0;
			};
			name = Release;
		};
		18CA55242EE85C5D001D218B /* Debug */ = {
			isa = XCBuildConfiguration;
			buildSettings = {
				ASSETCATALOG_COMPILER_APPICON_NAME = AppIcon;
				ASSETCATALOG_COMPILER_GLOBAL_ACCENT_COLOR_NAME = AccentColor;
				CODE_SIGN_STYLE = Automatic;
				CURRENT_PROJECT_VERSION = 1;
				DEVELOPMENT_TEAM = PA54HJVY9J;
				ENABLE_PREVIEWS = YES;
				GENERATE_INFOPLIST_FILE = YES;
				INFOPLIST_KEY_UIApplicationSceneManifest_Generation = YES;
				INFOPLIST_KEY_UIApplicationSupportsIndirectInputEvents = YES;
				INFOPLIST_KEY_UILaunchScreen_Generation = YES;
				INFOPLIST_KEY_UISupportedInterfaceOrientations_iPad = "UIInterfaceOrientationPortrait UIInterfaceOrientationPortraitUpsideDown UIInterfaceOrientationLandscapeLeft UIInterfaceOrientationLandscapeRight";
				INFOPLIST_KEY_UISupportedInterfaceOrientations_iPhone = "UIInterfaceOrientationPortrait UIInterfaceOrientationLandscapeLeft UIInterfaceOrientationLandscapeRight";
				IPHONEOS_DEPLOYMENT_TARGET = 26.0;
				LD_RUNPATH_SEARCH_PATHS = (
					"$(inherited)",
					"@executable_path/Frameworks",
				);
				MARKETING_VERSION = 1.0;
				PRODUCT_BUNDLE_IDENTIFIER = "paramount.Day-09-2";
				PRODUCT_NAME = "$(TARGET_NAME)";
				SDKROOT = iphoneos;
				STRING_CATALOG_GENERATE_SYMBOLS = YES;
				SWIFT_APPROACHABLE_CONCURRENCY = YES;
				SWIFT_DEFAULT_ACTOR_ISOLATION = MainActor;
				SWIFT_EMIT_LOC_STRINGS = YES;
				SWIFT_UPCOMING_FEATURE_MEMBER_IMPORT_VISIBILITY = YES;
				SWIFT_VERSION = 5.0;
				TARGETED_DEVICE_FAMILY = "1,2";
			};
			name = Debug;
		};
		18CA55252EE85C5D001D218B /* Release */ = {
			isa = XCBuildConfiguration;
			buildSettings = {
				ASSETCATALOG_COMPILER_APPICON_NAME = AppIcon;
				ASSETCATALOG_COMPILER_GLOBAL_ACCENT_COLOR_NAME = AccentColor;
				CODE_SIGN_STYLE = Automatic;
				CURRENT_PROJECT_VERSION = 1;
				DEVELOPMENT_TEAM = PA54HJVY9J;
				ENABLE_PREVIEWS = YES;
				GENERATE_INFOPLIST_FILE = YES;
				INFOPLIST_KEY_UIApplicationSceneManifest_Generation = YES;
				INFOPLIST_KEY_UIApplicationSupportsIndirectInputEvents = YES;
				INFOPLIST_KEY_UILaunchScreen_Generation = YES;
				INFOPLIST_KEY_UISupportedInterfaceOrientations_iPad = "UIInterfaceOrientationPortrait UIInterfaceOrientationPortraitUpsideDown UIInterfaceOrientationLandscapeLeft UIInterfaceOrientationLandscapeRight";
				INFOPLIST_KEY_UISupportedInterfaceOrientations_iPhone = "UIInterfaceOrientationPortrait UIInterfaceOrientationLandscapeLeft UIInterfaceOrientationLandscapeRight";
				IPHONEOS_DEPLOYMENT_TARGET = 26.0;
				LD_RUNPATH_SEARCH_PATHS = (
					"$(inherited)",
					"@executable_path/Frameworks",
				);
				MARKETING_VERSION = 1.0;
				PRODUCT_BUNDLE_IDENTIFIER = "paramount.Day-09-2";
				PRODUCT_NAME = "$(TARGET_NAME)";
				SDKROOT = iphoneos;
				STRING_CATALOG_GENERATE_SYMBOLS = YES;
				SWIFT_APPROACHABLE_CONCURRENCY = YES;
				SWIFT_DEFAULT_ACTOR_ISOLATION = MainActor;
				SWIFT_EMIT_LOC_STRINGS = YES;
				SWIFT_UPCOMING_FEATURE_MEMBER_IMPORT_VISIBILITY = YES;
				SWIFT_VERSION = 5.0;
				TARGETED_DEVICE_FAMILY = "1,2";
				VALIDATE_PRODUCT = YES;
			};
			name = Release;
		};
		18CA96B72EE942B4001D218B /* Debug */ = {
			isa = XCBuildConfiguration;
			buildSettings = {
				CODE_SIGN_STYLE = Automatic;
				DEVELOPMENT_TEAM = PA54HJVY9J;
				ENABLE_HARDENED_RUNTIME = YES;
				PRODUCT_NAME = "$(TARGET_NAME)";
				SWIFT_APPROACHABLE_CONCURRENCY = YES;
				SWIFT_UPCOMING_FEATURE_MEMBER_IMPORT_VISIBILITY = YES;
				SWIFT_VERSION = 5.0;
			};
			name = Debug;
		};
		18CA96B82EE942B4001D218B /* Release */ = {
			isa = XCBuildConfiguration;
			buildSettings = {
				CODE_SIGN_STYLE = Automatic;
				DEVELOPMENT_TEAM = PA54HJVY9J;
				ENABLE_HARDENED_RUNTIME = YES;
				PRODUCT_NAME = "$(TARGET_NAME)";
				SWIFT_APPROACHABLE_CONCURRENCY = YES;
				SWIFT_UPCOMING_FEATURE_MEMBER_IMPORT_VISIBILITY = YES;
				SWIFT_VERSION = 5.0;
			};
			name = Release;
		};
		18EB19862EDEDDDE006CFC10 /* Debug */ = {
			isa = XCBuildConfiguration;
			buildSettings = {
				CODE_SIGN_STYLE = Automatic;
				DEVELOPMENT_TEAM = PA54HJVY9J;
				ENABLE_HARDENED_RUNTIME = YES;
				PRODUCT_NAME = "$(TARGET_NAME)";
				SWIFT_APPROACHABLE_CONCURRENCY = YES;
				SWIFT_UPCOMING_FEATURE_MEMBER_IMPORT_VISIBILITY = YES;
				SWIFT_VERSION = 5.0;
			};
			name = Debug;
		};
		18EB19872EDEDDDE006CFC10 /* Release */ = {
			isa = XCBuildConfiguration;
			buildSettings = {
				CODE_SIGN_STYLE = Automatic;
				DEVELOPMENT_TEAM = PA54HJVY9J;
				ENABLE_HARDENED_RUNTIME = YES;
				PRODUCT_NAME = "$(TARGET_NAME)";
				SWIFT_APPROACHABLE_CONCURRENCY = YES;
				SWIFT_UPCOMING_FEATURE_MEMBER_IMPORT_VISIBILITY = YES;
				SWIFT_VERSION = 5.0;
			};
			name = Release;
		};
		18EB493C2EE00F91006CFC10 /* Debug */ = {
			isa = XCBuildConfiguration;
			buildSettings = {
				CODE_SIGN_STYLE = Automatic;
				DEVELOPMENT_TEAM = PA54HJVY9J;
				ENABLE_HARDENED_RUNTIME = YES;
				PRODUCT_NAME = "$(TARGET_NAME)";
				SWIFT_APPROACHABLE_CONCURRENCY = YES;
				SWIFT_UPCOMING_FEATURE_MEMBER_IMPORT_VISIBILITY = YES;
				SWIFT_VERSION = 5.0;
			};
			name = Debug;
		};
		18EB493D2EE00F91006CFC10 /* Release */ = {
			isa = XCBuildConfiguration;
			buildSettings = {
				CODE_SIGN_STYLE = Automatic;
				DEVELOPMENT_TEAM = PA54HJVY9J;
				ENABLE_HARDENED_RUNTIME = YES;
				PRODUCT_NAME = "$(TARGET_NAME)";
				SWIFT_APPROACHABLE_CONCURRENCY = YES;
				SWIFT_UPCOMING_FEATURE_MEMBER_IMPORT_VISIBILITY = YES;
				SWIFT_VERSION = 5.0;
			};
			name = Release;
		};
/* End XCBuildConfiguration section */

/* Begin XCConfigurationList section */
		18773FB52EDC5E2900552556 /* Build configuration list for PBXProject "AdventOfCode" */ = {
			isa = XCConfigurationList;
			buildConfigurations = (
				18773FBF2EDC5E2900552556 /* Debug */,
				18773FC02EDC5E2900552556 /* Release */,
			);
			defaultConfigurationIsVisible = 0;
			defaultConfigurationName = Release;
		};
		18773FC12EDC5E2900552556 /* Build configuration list for PBXNativeTarget "Practice" */ = {
			isa = XCConfigurationList;
			buildConfigurations = (
				18773FC22EDC5E2900552556 /* Debug */,
				18773FC32EDC5E2900552556 /* Release */,
			);
			defaultConfigurationIsVisible = 0;
			defaultConfigurationName = Release;
		};
		18773FCC2EDC5E4200552556 /* Build configuration list for PBXNativeTarget "Day 01" */ = {
			isa = XCConfigurationList;
			buildConfigurations = (
				18773FCD2EDC5E4200552556 /* Debug */,
				18773FCE2EDC5E4200552556 /* Release */,
			);
			defaultConfigurationIsVisible = 0;
			defaultConfigurationName = Release;
		};
		18B3F69F2EEAEFE5004DF6C9 /* Build configuration list for PBXNativeTarget "Day 11" */ = {
			isa = XCConfigurationList;
			buildConfigurations = (
				18B3F69D2EEAEFE5004DF6C9 /* Debug */,
				18B3F69E2EEAEFE5004DF6C9 /* Release */,
			);
			defaultConfigurationIsVisible = 0;
			defaultConfigurationName = Release;
		};
		18CA22842EE16EEB001D218B /* Build configuration list for PBXNativeTarget "Day 04" */ = {
			isa = XCConfigurationList;
			buildConfigurations = (
				18CA22822EE16EEB001D218B /* Debug */,
				18CA22832EE16EEB001D218B /* Release */,
			);
			defaultConfigurationIsVisible = 0;
			defaultConfigurationName = Release;
		};
		18CA33162EE2B9E7001D218B /* Build configuration list for PBXNativeTarget "Day 05" */ = {
			isa = XCConfigurationList;
			buildConfigurations = (
				18CA33172EE2B9E7001D218B /* Debug */,
				18CA33182EE2B9E7001D218B /* Release */,
			);
			defaultConfigurationIsVisible = 0;
			defaultConfigurationName = Release;
		};
		18CA337E2EE3F238001D218B /* Build configuration list for PBXNativeTarget "Day 06" */ = {
			isa = XCConfigurationList;
			buildConfigurations = (
				18CA337C2EE3F238001D218B /* Debug */,
				18CA337D2EE3F238001D218B /* Release */,
			);
			defaultConfigurationIsVisible = 0;
			defaultConfigurationName = Release;
		};
		18CA338C2EE56D80001D218B /* Build configuration list for PBXNativeTarget "Day 07" */ = {
			isa = XCConfigurationList;
			buildConfigurations = (
				18CA338D2EE56D80001D218B /* Debug */,
				18CA338E2EE56D80001D218B /* Release */,
			);
			defaultConfigurationIsVisible = 0;
			defaultConfigurationName = Release;
		};
		18CA33A32EE6B74A001D218B /* Build configuration list for PBXNativeTarget "Day 08" */ = {
			isa = XCConfigurationList;
			buildConfigurations = (
				18CA33A42EE6B74A001D218B /* Debug */,
				18CA33A52EE6B74A001D218B /* Release */,
			);
			defaultConfigurationIsVisible = 0;
			defaultConfigurationName = Release;
		};
		18CA55232EE85C5D001D218B /* Build configuration list for PBXNativeTarget "Day 09" */ = {
			isa = XCConfigurationList;
			buildConfigurations = (
				18CA55242EE85C5D001D218B /* Debug */,
				18CA55252EE85C5D001D218B /* Release */,
			);
			defaultConfigurationIsVisible = 0;
			defaultConfigurationName = Release;
		};
		18CA96B62EE942B4001D218B /* Build configuration list for PBXNativeTarget "Day 10" */ = {
			isa = XCConfigurationList;
			buildConfigurations = (
				18CA96B72EE942B4001D218B /* Debug */,
				18CA96B82EE942B4001D218B /* Release */,
			);
			defaultConfigurationIsVisible = 0;
			defaultConfigurationName = Release;
		};
		18EB19882EDEDDDE006CFC10 /* Build configuration list for PBXNativeTarget "Day 02" */ = {
			isa = XCConfigurationList;
			buildConfigurations = (
				18EB19862EDEDDDE006CFC10 /* Debug */,
				18EB19872EDEDDDE006CFC10 /* Release */,
			);
			defaultConfigurationIsVisible = 0;
			defaultConfigurationName = Release;
		};
		18EB493E2EE00F91006CFC10 /* Build configuration list for PBXNativeTarget "Day 03" */ = {
			isa = XCConfigurationList;
			buildConfigurations = (
				18EB493C2EE00F91006CFC10 /* Debug */,
				18EB493D2EE00F91006CFC10 /* Release */,
			);
			defaultConfigurationIsVisible = 0;
			defaultConfigurationName = Release;
		};
/* End XCConfigurationList section */
	};
	rootObject = 18773FB22EDC5E2900552556 /* Project object */;
}
